// !$*UTF8*$!
{
	archiveVersion = 1;
	classes = {
	};
	objectVersion = 50;
	objects = {

/* Begin PBXBuildFile section */
		1B3A927724136EA1008A6E87 /* AppDelegate.swift in Sources */ = {isa = PBXBuildFile; fileRef = 1B3A927624136EA1008A6E87 /* AppDelegate.swift */; };
		1B3A927924136EA1008A6E87 /* SceneDelegate.swift in Sources */ = {isa = PBXBuildFile; fileRef = 1B3A927824136EA1008A6E87 /* SceneDelegate.swift */; };
		1B3A927E24136EA1008A6E87 /* Main.storyboard in Resources */ = {isa = PBXBuildFile; fileRef = 1B3A927C24136EA1008A6E87 /* Main.storyboard */; };
		1B3A928024136EA3008A6E87 /* Assets.xcassets in Resources */ = {isa = PBXBuildFile; fileRef = 1B3A927F24136EA3008A6E87 /* Assets.xcassets */; };
		1B3A928324136EA3008A6E87 /* LaunchScreen.storyboard in Resources */ = {isa = PBXBuildFile; fileRef = 1B3A928124136EA3008A6E87 /* LaunchScreen.storyboard */; };
		1B3A928B24136F13008A6E87 /* MapViewController.swift in Sources */ = {isa = PBXBuildFile; fileRef = 1B3A928A24136F13008A6E87 /* MapViewController.swift */; };
		1B3A928D24136F5D008A6E87 /* CompanyViewController.swift in Sources */ = {isa = PBXBuildFile; fileRef = 1B3A928C24136F5D008A6E87 /* CompanyViewController.swift */; };
		1B3A92B32413BBC4008A6E87 /* ProfileViewController.swift in Sources */ = {isa = PBXBuildFile; fileRef = 1B3A92B22413BBC4008A6E87 /* ProfileViewController.swift */; };
		1B3A92B42413EBD2008A6E87 /* Pods_investMe.framework in Frameworks */ = {isa = PBXBuildFile; fileRef = EDDC6E785D7609F9A67E6950 /* Pods_investMe.framework */; };
		1B3A92B52413EBD2008A6E87 /* Pods_investMe.framework in Embed Frameworks */ = {isa = PBXBuildFile; fileRef = EDDC6E785D7609F9A67E6950 /* Pods_investMe.framework */; settings = {ATTRIBUTES = (CodeSignOnCopy, RemoveHeadersOnCopy, ); }; };
		1B3A92B82413F56B008A6E87 /* LoginViewController.swift in Sources */ = {isa = PBXBuildFile; fileRef = 1B3A92B72413F56B008A6E87 /* LoginViewController.swift */; };
/* End PBXBuildFile section */

/* Begin PBXCopyFilesBuildPhase section */
		1B3A92B62413EBD3008A6E87 /* Embed Frameworks */ = {
			isa = PBXCopyFilesBuildPhase;
			buildActionMask = 2147483647;
			dstPath = "";
			dstSubfolderSpec = 10;
			files = (
				1B3A92B52413EBD2008A6E87 /* Pods_investMe.framework in Embed Frameworks */,
			);
			name = "Embed Frameworks";
			runOnlyForDeploymentPostprocessing = 0;
		};
/* End PBXCopyFilesBuildPhase section */

/* Begin PBXFileReference section */
		1B3A927324136EA1008A6E87 /* investMe.app */ = {isa = PBXFileReference; explicitFileType = wrapper.application; includeInIndex = 0; path = investMe.app; sourceTree = BUILT_PRODUCTS_DIR; };
		1B3A927624136EA1008A6E87 /* AppDelegate.swift */ = {isa = PBXFileReference; lastKnownFileType = sourcecode.swift; path = AppDelegate.swift; sourceTree = "<group>"; };
		1B3A927824136EA1008A6E87 /* SceneDelegate.swift */ = {isa = PBXFileReference; lastKnownFileType = sourcecode.swift; path = SceneDelegate.swift; sourceTree = "<group>"; };
		1B3A927D24136EA1008A6E87 /* Base */ = {isa = PBXFileReference; lastKnownFileType = file.storyboard; name = Base; path = Base.lproj/Main.storyboard; sourceTree = "<group>"; };
		1B3A927F24136EA3008A6E87 /* Assets.xcassets */ = {isa = PBXFileReference; lastKnownFileType = folder.assetcatalog; path = Assets.xcassets; sourceTree = "<group>"; };
		1B3A928224136EA3008A6E87 /* Base */ = {isa = PBXFileReference; lastKnownFileType = file.storyboard; name = Base; path = Base.lproj/LaunchScreen.storyboard; sourceTree = "<group>"; };
		1B3A928424136EA3008A6E87 /* Info.plist */ = {isa = PBXFileReference; lastKnownFileType = text.plist.xml; path = Info.plist; sourceTree = "<group>"; };
		1B3A928A24136F13008A6E87 /* MapViewController.swift */ = {isa = PBXFileReference; lastKnownFileType = sourcecode.swift; path = MapViewController.swift; sourceTree = "<group>"; };
		1B3A928C24136F5D008A6E87 /* CompanyViewController.swift */ = {isa = PBXFileReference; lastKnownFileType = sourcecode.swift; path = CompanyViewController.swift; sourceTree = "<group>"; };
		1B3A92B22413BBC4008A6E87 /* ProfileViewController.swift */ = {isa = PBXFileReference; lastKnownFileType = sourcecode.swift; path = ProfileViewController.swift; sourceTree = "<group>"; };
		1B3A92B72413F56B008A6E87 /* LoginViewController.swift */ = {isa = PBXFileReference; lastKnownFileType = sourcecode.swift; path = LoginViewController.swift; sourceTree = "<group>"; };
		386840A9BA89A06357F30DD3 /* Pods-investMe.release.xcconfig */ = {isa = PBXFileReference; includeInIndex = 1; lastKnownFileType = text.xcconfig; name = "Pods-investMe.release.xcconfig"; path = "Target Support Files/Pods-investMe/Pods-investMe.release.xcconfig"; sourceTree = "<group>"; };
		B75FBA39FE2A78C11EF83E4F /* Pods-investMe.debug.xcconfig */ = {isa = PBXFileReference; includeInIndex = 1; lastKnownFileType = text.xcconfig; name = "Pods-investMe.debug.xcconfig"; path = "Target Support Files/Pods-investMe/Pods-investMe.debug.xcconfig"; sourceTree = "<group>"; };
		EDDC6E785D7609F9A67E6950 /* Pods_investMe.framework */ = {isa = PBXFileReference; explicitFileType = wrapper.framework; includeInIndex = 0; path = Pods_investMe.framework; sourceTree = BUILT_PRODUCTS_DIR; };
/* End PBXFileReference section */

/* Begin PBXFrameworksBuildPhase section */
		1B3A927024136EA1008A6E87 /* Frameworks */ = {
			isa = PBXFrameworksBuildPhase;
			buildActionMask = 2147483647;
			files = (
				1B3A92B42413EBD2008A6E87 /* Pods_investMe.framework in Frameworks */,
			);
			runOnlyForDeploymentPostprocessing = 0;
		};
/* End PBXFrameworksBuildPhase section */

/* Begin PBXGroup section */
		1B3A926A24136EA1008A6E87 = {
			isa = PBXGroup;
			children = (
				1B3A927524136EA1008A6E87 /* investMe */,
				1B3A927424136EA1008A6E87 /* Products */,
				5E3DC3BBB87763D3B02C88AE /* Pods */,
				3716C8524536703BB0839F56 /* Frameworks */,
			);
			sourceTree = "<group>";
		};
		1B3A927424136EA1008A6E87 /* Products */ = {
			isa = PBXGroup;
			children = (
				1B3A927324136EA1008A6E87 /* investMe.app */,
			);
			name = Products;
			sourceTree = "<group>";
		};
		1B3A927524136EA1008A6E87 /* investMe */ = {
			isa = PBXGroup;
			children = (
				1B3A927624136EA1008A6E87 /* AppDelegate.swift */,
				1B3A927824136EA1008A6E87 /* SceneDelegate.swift */,
				1B3A927C24136EA1008A6E87 /* Main.storyboard */,
				1B3A927F24136EA3008A6E87 /* Assets.xcassets */,
				1B3A928124136EA3008A6E87 /* LaunchScreen.storyboard */,
				1B3A928424136EA3008A6E87 /* Info.plist */,
				1B3A928A24136F13008A6E87 /* MapViewController.swift */,
				1B3A928C24136F5D008A6E87 /* CompanyViewController.swift */,
				1B3A92B22413BBC4008A6E87 /* ProfileViewController.swift */,
				1B3A92B72413F56B008A6E87 /* LoginViewController.swift */,
			);
			path = investMe;
			sourceTree = "<group>";
		};
		3716C8524536703BB0839F56 /* Frameworks */ = {
			isa = PBXGroup;
			children = (
				EDDC6E785D7609F9A67E6950 /* Pods_investMe.framework */,
			);
			name = Frameworks;
			sourceTree = "<group>";
		};
		5E3DC3BBB87763D3B02C88AE /* Pods */ = {
			isa = PBXGroup;
			children = (
				B75FBA39FE2A78C11EF83E4F /* Pods-investMe.debug.xcconfig */,
				386840A9BA89A06357F30DD3 /* Pods-investMe.release.xcconfig */,
			);
			path = Pods;
			sourceTree = "<group>";
		};
/* End PBXGroup section */

/* Begin PBXNativeTarget section */
		1B3A927224136EA1008A6E87 /* investMe */ = {
			isa = PBXNativeTarget;
			buildConfigurationList = 1B3A928724136EA3008A6E87 /* Build configuration list for PBXNativeTarget "investMe" */;
			buildPhases = (
				405ECDFF600072A495293C8B /* [CP] Check Pods Manifest.lock */,
				1B3A926F24136EA1008A6E87 /* Sources */,
				1B3A927024136EA1008A6E87 /* Frameworks */,
				1B3A927124136EA1008A6E87 /* Resources */,
				1B3A92B62413EBD3008A6E87 /* Embed Frameworks */,
			);
			buildRules = (
			);
			dependencies = (
			);
			name = investMe;
			productName = investMe;
			productReference = 1B3A927324136EA1008A6E87 /* investMe.app */;
			productType = "com.apple.product-type.application";
		};
/* End PBXNativeTarget section */

/* Begin PBXProject section */
		1B3A926B24136EA1008A6E87 /* Project object */ = {
			isa = PBXProject;
			attributes = {
				LastSwiftUpdateCheck = 1130;
				LastUpgradeCheck = 1130;
				ORGANIZATIONNAME = Helal;
				TargetAttributes = {
					1B3A927224136EA1008A6E87 = {
						CreatedOnToolsVersion = 11.3.1;
					};
				};
			};
			buildConfigurationList = 1B3A926E24136EA1008A6E87 /* Build configuration list for PBXProject "investMe" */;
			compatibilityVersion = "Xcode 9.3";
			developmentRegion = en;
			hasScannedForEncodings = 0;
			knownRegions = (
				en,
				Base,
			);
			mainGroup = 1B3A926A24136EA1008A6E87;
			productRefGroup = 1B3A927424136EA1008A6E87 /* Products */;
			projectDirPath = "";
			projectRoot = "";
			targets = (
				1B3A927224136EA1008A6E87 /* investMe */,
			);
		};
/* End PBXProject section */

/* Begin PBXResourcesBuildPhase section */
		1B3A927124136EA1008A6E87 /* Resources */ = {
			isa = PBXResourcesBuildPhase;
			buildActionMask = 2147483647;
			files = (
				1B3A928324136EA3008A6E87 /* LaunchScreen.storyboard in Resources */,
				1B3A928024136EA3008A6E87 /* Assets.xcassets in Resources */,
				1B3A927E24136EA1008A6E87 /* Main.storyboard in Resources */,
			);
			runOnlyForDeploymentPostprocessing = 0;
		};
/* End PBXResourcesBuildPhase section */

/* Begin PBXShellScriptBuildPhase section */
		405ECDFF600072A495293C8B /* [CP] Check Pods Manifest.lock */ = {
			isa = PBXShellScriptBuildPhase;
			buildActionMask = 2147483647;
			files = (
			);
			inputFileListPaths = (
			);
			inputPaths = (
				"${PODS_PODFILE_DIR_PATH}/Podfile.lock",
				"${PODS_ROOT}/Manifest.lock",
			);
			name = "[CP] Check Pods Manifest.lock";
			outputFileListPaths = (
			);
			outputPaths = (
				"$(DERIVED_FILE_DIR)/Pods-investMe-checkManifestLockResult.txt",
			);
			runOnlyForDeploymentPostprocessing = 0;
			shellPath = /bin/sh;
			shellScript = "diff \"${PODS_PODFILE_DIR_PATH}/Podfile.lock\" \"${PODS_ROOT}/Manifest.lock\" > /dev/null\nif [ $? != 0 ] ; then\n    # print error to STDERR\n    echo \"error: The sandbox is not in sync with the Podfile.lock. Run 'pod install' or update your CocoaPods installation.\" >&2\n    exit 1\nfi\n# This output is used by Xcode 'outputs' to avoid re-running this script phase.\necho \"SUCCESS\" > \"${SCRIPT_OUTPUT_FILE_0}\"\n";
			showEnvVarsInLog = 0;
		};
/* End PBXShellScriptBuildPhase section */

/* Begin PBXSourcesBuildPhase section */
		1B3A926F24136EA1008A6E87 /* Sources */ = {
			isa = PBXSourcesBuildPhase;
			buildActionMask = 2147483647;
			files = (
				1B3A92B82413F56B008A6E87 /* LoginViewController.swift in Sources */,
				1B3A928D24136F5D008A6E87 /* CompanyViewController.swift in Sources */,
				1B3A927724136EA1008A6E87 /* AppDelegate.swift in Sources */,
				1B3A92B32413BBC4008A6E87 /* ProfileViewController.swift in Sources */,
				1B3A927924136EA1008A6E87 /* SceneDelegate.swift in Sources */,
				1B3A928B24136F13008A6E87 /* MapViewController.swift in Sources */,
			);
			runOnlyForDeploymentPostprocessing = 0;
		};
/* End PBXSourcesBuildPhase section */

/* Begin PBXVariantGroup section */
		1B3A927C24136EA1008A6E87 /* Main.storyboard */ = {
			isa = PBXVariantGroup;
			children = (
				1B3A927D24136EA1008A6E87 /* Base */,
			);
			name = Main.storyboard;
			sourceTree = "<group>";
		};
		1B3A928124136EA3008A6E87 /* LaunchScreen.storyboard */ = {
			isa = PBXVariantGroup;
			children = (
				1B3A928224136EA3008A6E87 /* Base */,
			);
			name = LaunchScreen.storyboard;
			sourceTree = "<group>";
		};
/* End PBXVariantGroup section */

/* Begin XCBuildConfiguration section */
		1B3A928524136EA3008A6E87 /* Debug */ = {
			isa = XCBuildConfiguration;
			buildSettings = {
				ALWAYS_SEARCH_USER_PATHS = NO;
				CLANG_ANALYZER_NONNULL = YES;
				CLANG_ANALYZER_NUMBER_OBJECT_CONVERSION = YES_AGGRESSIVE;
				CLANG_CXX_LANGUAGE_STANDARD = "gnu++14";
				CLANG_CXX_LIBRARY = "libc++";
				CLANG_ENABLE_MODULES = YES;
				CLANG_ENABLE_OBJC_ARC = YES;
				CLANG_ENABLE_OBJC_WEAK = YES;
				CLANG_WARN_BLOCK_CAPTURE_AUTORELEASING = YES;
				CLANG_WARN_BOOL_CONVERSION = YES;
				CLANG_WARN_COMMA = YES;
				CLANG_WARN_CONSTANT_CONVERSION = YES;
				CLANG_WARN_DEPRECATED_OBJC_IMPLEMENTATIONS = YES;
				CLANG_WARN_DIRECT_OBJC_ISA_USAGE = YES_ERROR;
				CLANG_WARN_DOCUMENTATION_COMMENTS = YES;
				CLANG_WARN_EMPTY_BODY = YES;
				CLANG_WARN_ENUM_CONVERSION = YES;
				CLANG_WARN_INFINITE_RECURSION = YES;
				CLANG_WARN_INT_CONVERSION = YES;
				CLANG_WARN_NON_LITERAL_NULL_CONVERSION = YES;
				CLANG_WARN_OBJC_IMPLICIT_RETAIN_SELF = YES;
				CLANG_WARN_OBJC_LITERAL_CONVERSION = YES;
				CLANG_WARN_OBJC_ROOT_CLASS = YES_ERROR;
				CLANG_WARN_RANGE_LOOP_ANALYSIS = YES;
				CLANG_WARN_STRICT_PROTOTYPES = YES;
				CLANG_WARN_SUSPICIOUS_MOVE = YES;
				CLANG_WARN_UNGUARDED_AVAILABILITY = YES_AGGRESSIVE;
				CLANG_WARN_UNREACHABLE_CODE = YES;
				CLANG_WARN__DUPLICATE_METHOD_MATCH = YES;
				COPY_PHASE_STRIP = NO;
				DEBUG_INFORMATION_FORMAT = dwarf;
				ENABLE_STRICT_OBJC_MSGSEND = YES;
				ENABLE_TESTABILITY = YES;
				GCC_C_LANGUAGE_STANDARD = gnu11;
				GCC_DYNAMIC_NO_PIC = NO;
				GCC_NO_COMMON_BLOCKS = YES;
				GCC_OPTIMIZATION_LEVEL = 0;
				GCC_PREPROCESSOR_DEFINITIONS = (
					"DEBUG=1",
					"$(inherited)",
				);
				GCC_WARN_64_TO_32_BIT_CONVERSION = YES;
				GCC_WARN_ABOUT_RETURN_TYPE = YES_ERROR;
				GCC_WARN_UNDECLARED_SELECTOR = YES;
				GCC_WARN_UNINITIALIZED_AUTOS = YES_AGGRESSIVE;
				GCC_WARN_UNUSED_FUNCTION = YES;
				GCC_WARN_UNUSED_VARIABLE = YES;
				IPHONEOS_DEPLOYMENT_TARGET = 13.2;
				MTL_ENABLE_DEBUG_INFO = INCLUDE_SOURCE;
				MTL_FAST_MATH = YES;
				ONLY_ACTIVE_ARCH = YES;
				SDKROOT = iphoneos;
				SWIFT_ACTIVE_COMPILATION_CONDITIONS = DEBUG;
				SWIFT_OPTIMIZATION_LEVEL = "-Onone";
			};
			name = Debug;
		};
		1B3A928624136EA3008A6E87 /* Release */ = {
			isa = XCBuildConfiguration;
			buildSettings = {
				ALWAYS_SEARCH_USER_PATHS = NO;
				CLANG_ANALYZER_NONNULL = YES;
				CLANG_ANALYZER_NUMBER_OBJECT_CONVERSION = YES_AGGRESSIVE;
				CLANG_CXX_LANGUAGE_STANDARD = "gnu++14";
				CLANG_CXX_LIBRARY = "libc++";
				CLANG_ENABLE_MODULES = YES;
				CLANG_ENABLE_OBJC_ARC = YES;
				CLANG_ENABLE_OBJC_WEAK = YES;
				CLANG_WARN_BLOCK_CAPTURE_AUTORELEASING = YES;
				CLANG_WARN_BOOL_CONVERSION = YES;
				CLANG_WARN_COMMA = YES;
				CLANG_WARN_CONSTANT_CONVERSION = YES;
				CLANG_WARN_DEPRECATED_OBJC_IMPLEMENTATIONS = YES;
				CLANG_WARN_DIRECT_OBJC_ISA_USAGE = YES_ERROR;
				CLANG_WARN_DOCUMENTATION_COMMENTS = YES;
				CLANG_WARN_EMPTY_BODY = YES;
				CLANG_WARN_ENUM_CONVERSION = YES;
				CLANG_WARN_INFINITE_RECURSION = YES;
				CLANG_WARN_INT_CONVERSION = YES;
				CLANG_WARN_NON_LITERAL_NULL_CONVERSION = YES;
				CLANG_WARN_OBJC_IMPLICIT_RETAIN_SELF = YES;
				CLANG_WARN_OBJC_LITERAL_CONVERSION = YES;
				CLANG_WARN_OBJC_ROOT_CLASS = YES_ERROR;
				CLANG_WARN_RANGE_LOOP_ANALYSIS = YES;
				CLANG_WARN_STRICT_PROTOTYPES = YES;
				CLANG_WARN_SUSPICIOUS_MOVE = YES;
				CLANG_WARN_UNGUARDED_AVAILABILITY = YES_AGGRESSIVE;
				CLANG_WARN_UNREACHABLE_CODE = YES;
				CLANG_WARN__DUPLICATE_METHOD_MATCH = YES;
				COPY_PHASE_STRIP = NO;
				DEBUG_INFORMATION_FORMAT = "dwarf-with-dsym";
				ENABLE_NS_ASSERTIONS = NO;
				ENABLE_STRICT_OBJC_MSGSEND = YES;
				GCC_C_LANGUAGE_STANDARD = gnu11;
				GCC_NO_COMMON_BLOCKS = YES;
				GCC_WARN_64_TO_32_BIT_CONVERSION = YES;
				GCC_WARN_ABOUT_RETURN_TYPE = YES_ERROR;
				GCC_WARN_UNDECLARED_SELECTOR = YES;
				GCC_WARN_UNINITIALIZED_AUTOS = YES_AGGRESSIVE;
				GCC_WARN_UNUSED_FUNCTION = YES;
				GCC_WARN_UNUSED_VARIABLE = YES;
				IPHONEOS_DEPLOYMENT_TARGET = 13.2;
				MTL_ENABLE_DEBUG_INFO = NO;
				MTL_FAST_MATH = YES;
				SDKROOT = iphoneos;
				SWIFT_COMPILATION_MODE = wholemodule;
				SWIFT_OPTIMIZATION_LEVEL = "-O";
				VALIDATE_PRODUCT = YES;
			};
			name = Release;
		};
		1B3A928824136EA3008A6E87 /* Debug */ = {
			isa = XCBuildConfiguration;
			baseConfigurationReference = B75FBA39FE2A78C11EF83E4F /* Pods-investMe.debug.xcconfig */;
			buildSettings = {
				ASSETCATALOG_COMPILER_APPICON_NAME = AppIcon;
				CODE_SIGN_STYLE = Automatic;
				DEVELOPMENT_TEAM = FQX45R5BVV;
				INFOPLIST_FILE = investMe/Info.plist;
				LD_RUNPATH_SEARCH_PATHS = (
					"$(inherited)",
					"@executable_path/Frameworks",
				);
				PRODUCT_BUNDLE_IDENTIFIER = hchowdhury.investMe;
				PRODUCT_NAME = "$(TARGET_NAME)";
				SWIFT_VERSION = 5.0;
				TARGETED_DEVICE_FAMILY = "1,2";
			};
			name = Debug;
		};
		1B3A928924136EA3008A6E87 /* Release */ = {
			isa = XCBuildConfiguration;
			baseConfigurationReference = 386840A9BA89A06357F30DD3 /* Pods-investMe.release.xcconfig */;
			buildSettings = {
				ASSETCATALOG_COMPILER_APPICON_NAME = AppIcon;
				CODE_SIGN_STYLE = Automatic;
				DEVELOPMENT_TEAM = FQX45R5BVV;
				INFOPLIST_FILE = investMe/Info.plist;
				LD_RUNPATH_SEARCH_PATHS = (
					"$(inherited)",
					"@executable_path/Frameworks",
				);
				PRODUCT_BUNDLE_IDENTIFIER = hchowdhury.investMe;
				PRODUCT_NAME = "$(TARGET_NAME)";
				SWIFT_VERSION = 5.0;
				TARGETED_DEVICE_FAMILY = "1,2";
			};
			name = Release;
		};
/* End XCBuildConfiguration section */

/* Begin XCConfigurationList section */
		1B3A926E24136EA1008A6E87 /* Build configuration list for PBXProject "investMe" */ = {
			isa = XCConfigurationList;
			buildConfigurations = (
				1B3A928524136EA3008A6E87 /* Debug */,
				1B3A928624136EA3008A6E87 /* Release */,
			);
			defaultConfigurationIsVisible = 0;
			defaultConfigurationName = Release;
		};
		1B3A928724136EA3008A6E87 /* Build configuration list for PBXNativeTarget "investMe" */ = {
			isa = XCConfigurationList;
			buildConfigurations = (
				1B3A928824136EA3008A6E87 /* Debug */,
				1B3A928924136EA3008A6E87 /* Release */,
			);
			defaultConfigurationIsVisible = 0;
			defaultConfigurationName = Release;
		};
/* End XCConfigurationList section */
	};
	rootObject = 1B3A926B24136EA1008A6E87 /* Project object */;
}
